// !$*UTF8*$!
{
	archiveVersion = 1;
	classes = {
	};
	objectVersion = 56;
	objects = {

/* Begin PBXBuildFile section */
		040705932A9423BD00AA9ABA /* CustomImageView.swift in Sources */ = {isa = PBXBuildFile; fileRef = 040705922A9423BD00AA9ABA /* CustomImageView.swift */; };
		042F317D28F4BEC5002455E9 /* Extension+Protocol.swift in Sources */ = {isa = PBXBuildFile; fileRef = 042F317C28F4BEC5002455E9 /* Extension+Protocol.swift */; };
		0433CAC528F3344A00495BF8 /* Model.swift in Sources */ = {isa = PBXBuildFile; fileRef = 0433CAC428F3344A00495BF8 /* Model.swift */; };
		0433CAC828F387CC00495BF8 /* Extension+HomeViewController.swift in Sources */ = {isa = PBXBuildFile; fileRef = 0433CAC728F387CC00495BF8 /* Extension+HomeViewController.swift */; };
		0433CACB28F38E5300495BF8 /* ResultLocationViewController.swift in Sources */ = {isa = PBXBuildFile; fileRef = 0433CACA28F38E5300495BF8 /* ResultLocationViewController.swift */; };
		04802FFD2A89B68500861547 /* Extension+HomeScreenViewController.swift in Sources */ = {isa = PBXBuildFile; fileRef = 04802FFC2A89B68500861547 /* Extension+HomeScreenViewController.swift */; };
		04802FFF2A89BAAE00861547 /* SidebarCell.swift in Sources */ = {isa = PBXBuildFile; fileRef = 04802FFE2A89BAAE00861547 /* SidebarCell.swift */; };
		048030022A89BB2800861547 /* Extension+CustomSidebar.swift in Sources */ = {isa = PBXBuildFile; fileRef = 048030012A89BB2800861547 /* Extension+CustomSidebar.swift */; };
		048030082A8A0BED00861547 /* DismissControl.swift in Sources */ = {isa = PBXBuildFile; fileRef = 048030072A8A0BED00861547 /* DismissControl.swift */; };
		0480300A2A8B0E3700861547 /* Label.swift in Sources */ = {isa = PBXBuildFile; fileRef = 048030092A8B0E3700861547 /* Label.swift */; };
		0480300C2A8B0E9000861547 /* ProfileImageView.swift in Sources */ = {isa = PBXBuildFile; fileRef = 0480300B2A8B0E9000861547 /* ProfileImageView.swift */; };
		0480300E2A8C375500861547 /* ProfileModel.swift in Sources */ = {isa = PBXBuildFile; fileRef = 0480300D2A8C375500861547 /* ProfileModel.swift */; };
		048030142A8DA9E300861547 /* ProfileViewController.swift in Sources */ = {isa = PBXBuildFile; fileRef = 048030132A8DA9E300861547 /* ProfileViewController.swift */; };
		048030162A8DAA0400861547 /* FreeJourneyViewController.swift in Sources */ = {isa = PBXBuildFile; fileRef = 048030152A8DAA0400861547 /* FreeJourneyViewController.swift */; };
		048030182A8DAA1C00861547 /* PaymentsViewController.swift in Sources */ = {isa = PBXBuildFile; fileRef = 048030172A8DAA1C00861547 /* PaymentsViewController.swift */; };
		0480301A2A8DAA2900861547 /* HistoryViewController.swift in Sources */ = {isa = PBXBuildFile; fileRef = 048030192A8DAA2900861547 /* HistoryViewController.swift */; };
		0480301C2A8DAA3C00861547 /* PromotionsViewController.swift in Sources */ = {isa = PBXBuildFile; fileRef = 0480301B2A8DAA3C00861547 /* PromotionsViewController.swift */; };
		0480301E2A8DAA4800861547 /* SupportViewController.swift in Sources */ = {isa = PBXBuildFile; fileRef = 0480301D2A8DAA4800861547 /* SupportViewController.swift */; };
		048030202A8DAA5A00861547 /* AboutViewController.swift in Sources */ = {isa = PBXBuildFile; fileRef = 0480301F2A8DAA5A00861547 /* AboutViewController.swift */; };
		048030222A8DAA6800861547 /* WorkRidesViewController.swift in Sources */ = {isa = PBXBuildFile; fileRef = 048030212A8DAA6800861547 /* WorkRidesViewController.swift */; };
		048AC36028F0D445003991A4 /* AppDelegate.swift in Sources */ = {isa = PBXBuildFile; fileRef = 048AC35F28F0D445003991A4 /* AppDelegate.swift */; };
		048AC36228F0D445003991A4 /* SceneDelegate.swift in Sources */ = {isa = PBXBuildFile; fileRef = 048AC36128F0D445003991A4 /* SceneDelegate.swift */; };
		048AC36428F0D445003991A4 /* ViewController.swift in Sources */ = {isa = PBXBuildFile; fileRef = 048AC36328F0D445003991A4 /* ViewController.swift */; };
		048AC36928F0D446003991A4 /* Assets.xcassets in Resources */ = {isa = PBXBuildFile; fileRef = 048AC36828F0D446003991A4 /* Assets.xcassets */; };
		048AC36C28F0D446003991A4 /* LaunchScreen.storyboard in Resources */ = {isa = PBXBuildFile; fileRef = 048AC36A28F0D446003991A4 /* LaunchScreen.storyboard */; };
		048AC37828F0D714003991A4 /* HomeScreenViewController.swift in Sources */ = {isa = PBXBuildFile; fileRef = 048AC37728F0D714003991A4 /* HomeScreenViewController.swift */; };
		048AC37C28F0D78C003991A4 /* LocationManager.swift in Sources */ = {isa = PBXBuildFile; fileRef = 048AC37B28F0D78C003991A4 /* LocationManager.swift */; };
		048DD1DC28F488CD002D82C4 /* FloatingPanel in Frameworks */ = {isa = PBXBuildFile; productRef = 048DD1DB28F488CD002D82C4 /* FloatingPanel */; };
		04D355CF2A80F283001055AF /* ResultLocationCell.swift in Sources */ = {isa = PBXBuildFile; fileRef = 04D355CE2A80F283001055AF /* ResultLocationCell.swift */; };
		04D355DC2A867B9A001055AF /* SigninViewController.swift in Sources */ = {isa = PBXBuildFile; fileRef = 04D355DB2A867B9A001055AF /* SigninViewController.swift */; };
		04D355DE2A867BA7001055AF /* CreateAccountViewController.swift in Sources */ = {isa = PBXBuildFile; fileRef = 04D355DD2A867BA7001055AF /* CreateAccountViewController.swift */; };
		04D355E12A87031B001055AF /* TextField.swift in Sources */ = {isa = PBXBuildFile; fileRef = 04D355E02A87031B001055AF /* TextField.swift */; };
		04D355E32A87D38B001055AF /* Button.swift in Sources */ = {isa = PBXBuildFile; fileRef = 04D355E22A87D38B001055AF /* Button.swift */; };
		04D355E72A88A2D6001055AF /* CustomSidebar.swift in Sources */ = {isa = PBXBuildFile; fileRef = 04D355E62A88A2D6001055AF /* CustomSidebar.swift */; };
/* End PBXBuildFile section */

/* Begin PBXFileReference section */
		040705922A9423BD00AA9ABA /* CustomImageView.swift */ = {isa = PBXFileReference; lastKnownFileType = sourcecode.swift; path = CustomImageView.swift; sourceTree = "<group>"; };
		042F317C28F4BEC5002455E9 /* Extension+Protocol.swift */ = {isa = PBXFileReference; lastKnownFileType = sourcecode.swift; path = "Extension+Protocol.swift"; sourceTree = "<group>"; };
		0433CAC428F3344A00495BF8 /* Model.swift */ = {isa = PBXFileReference; lastKnownFileType = sourcecode.swift; path = Model.swift; sourceTree = "<group>"; };
		0433CAC728F387CC00495BF8 /* Extension+HomeViewController.swift */ = {isa = PBXFileReference; lastKnownFileType = sourcecode.swift; path = "Extension+HomeViewController.swift"; sourceTree = "<group>"; };
		0433CACA28F38E5300495BF8 /* ResultLocationViewController.swift */ = {isa = PBXFileReference; lastKnownFileType = sourcecode.swift; path = ResultLocationViewController.swift; sourceTree = "<group>"; };
		04802FFC2A89B68500861547 /* Extension+HomeScreenViewController.swift */ = {isa = PBXFileReference; lastKnownFileType = sourcecode.swift; path = "Extension+HomeScreenViewController.swift"; sourceTree = "<group>"; };
		04802FFE2A89BAAE00861547 /* SidebarCell.swift */ = {isa = PBXFileReference; lastKnownFileType = sourcecode.swift; path = SidebarCell.swift; sourceTree = "<group>"; };
		048030012A89BB2800861547 /* Extension+CustomSidebar.swift */ = {isa = PBXFileReference; lastKnownFileType = sourcecode.swift; path = "Extension+CustomSidebar.swift"; sourceTree = "<group>"; };
		048030072A8A0BED00861547 /* DismissControl.swift */ = {isa = PBXFileReference; lastKnownFileType = sourcecode.swift; path = DismissControl.swift; sourceTree = "<group>"; };
		048030092A8B0E3700861547 /* Label.swift */ = {isa = PBXFileReference; lastKnownFileType = sourcecode.swift; path = Label.swift; sourceTree = "<group>"; };
		0480300B2A8B0E9000861547 /* ProfileImageView.swift */ = {isa = PBXFileReference; lastKnownFileType = sourcecode.swift; path = ProfileImageView.swift; sourceTree = "<group>"; };
		0480300D2A8C375500861547 /* ProfileModel.swift */ = {isa = PBXFileReference; lastKnownFileType = sourcecode.swift; path = ProfileModel.swift; sourceTree = "<group>"; };
		048030132A8DA9E300861547 /* ProfileViewController.swift */ = {isa = PBXFileReference; lastKnownFileType = sourcecode.swift; path = ProfileViewController.swift; sourceTree = "<group>"; };
		048030152A8DAA0400861547 /* FreeJourneyViewController.swift */ = {isa = PBXFileReference; lastKnownFileType = sourcecode.swift; path = FreeJourneyViewController.swift; sourceTree = "<group>"; };
		048030172A8DAA1C00861547 /* PaymentsViewController.swift */ = {isa = PBXFileReference; lastKnownFileType = sourcecode.swift; path = PaymentsViewController.swift; sourceTree = "<group>"; };
		048030192A8DAA2900861547 /* HistoryViewController.swift */ = {isa = PBXFileReference; lastKnownFileType = sourcecode.swift; path = HistoryViewController.swift; sourceTree = "<group>"; };
		0480301B2A8DAA3C00861547 /* PromotionsViewController.swift */ = {isa = PBXFileReference; lastKnownFileType = sourcecode.swift; path = PromotionsViewController.swift; sourceTree = "<group>"; };
		0480301D2A8DAA4800861547 /* SupportViewController.swift */ = {isa = PBXFileReference; lastKnownFileType = sourcecode.swift; path = SupportViewController.swift; sourceTree = "<group>"; };
		0480301F2A8DAA5A00861547 /* AboutViewController.swift */ = {isa = PBXFileReference; lastKnownFileType = sourcecode.swift; path = AboutViewController.swift; sourceTree = "<group>"; };
		048030212A8DAA6800861547 /* WorkRidesViewController.swift */ = {isa = PBXFileReference; lastKnownFileType = sourcecode.swift; path = WorkRidesViewController.swift; sourceTree = "<group>"; };
		048AC35C28F0D445003991A4 /* BoltApp.app */ = {isa = PBXFileReference; explicitFileType = wrapper.application; includeInIndex = 0; path = BoltApp.app; sourceTree = BUILT_PRODUCTS_DIR; };
		048AC35F28F0D445003991A4 /* AppDelegate.swift */ = {isa = PBXFileReference; lastKnownFileType = sourcecode.swift; path = AppDelegate.swift; sourceTree = "<group>"; };
		048AC36128F0D445003991A4 /* SceneDelegate.swift */ = {isa = PBXFileReference; lastKnownFileType = sourcecode.swift; path = SceneDelegate.swift; sourceTree = "<group>"; };
		048AC36328F0D445003991A4 /* ViewController.swift */ = {isa = PBXFileReference; lastKnownFileType = sourcecode.swift; path = ViewController.swift; sourceTree = "<group>"; };
		048AC36828F0D446003991A4 /* Assets.xcassets */ = {isa = PBXFileReference; lastKnownFileType = folder.assetcatalog; path = Assets.xcassets; sourceTree = "<group>"; };
		048AC36B28F0D446003991A4 /* Base */ = {isa = PBXFileReference; lastKnownFileType = file.storyboard; name = Base; path = Base.lproj/LaunchScreen.storyboard; sourceTree = "<group>"; };
		048AC36D28F0D446003991A4 /* Info.plist */ = {isa = PBXFileReference; lastKnownFileType = text.plist.xml; path = Info.plist; sourceTree = "<group>"; };
		048AC37728F0D714003991A4 /* HomeScreenViewController.swift */ = {isa = PBXFileReference; lastKnownFileType = sourcecode.swift; path = HomeScreenViewController.swift; sourceTree = "<group>"; };
		048AC37B28F0D78C003991A4 /* LocationManager.swift */ = {isa = PBXFileReference; lastKnownFileType = sourcecode.swift; path = LocationManager.swift; sourceTree = "<group>"; };
		04D355CE2A80F283001055AF /* ResultLocationCell.swift */ = {isa = PBXFileReference; lastKnownFileType = sourcecode.swift; path = ResultLocationCell.swift; sourceTree = "<group>"; };
		04D355DB2A867B9A001055AF /* SigninViewController.swift */ = {isa = PBXFileReference; lastKnownFileType = sourcecode.swift; path = SigninViewController.swift; sourceTree = "<group>"; };
		04D355DD2A867BA7001055AF /* CreateAccountViewController.swift */ = {isa = PBXFileReference; lastKnownFileType = sourcecode.swift; path = CreateAccountViewController.swift; sourceTree = "<group>"; };
		04D355E02A87031B001055AF /* TextField.swift */ = {isa = PBXFileReference; lastKnownFileType = sourcecode.swift; path = TextField.swift; sourceTree = "<group>"; };
		04D355E22A87D38B001055AF /* Button.swift */ = {isa = PBXFileReference; lastKnownFileType = sourcecode.swift; path = Button.swift; sourceTree = "<group>"; };
		04D355E62A88A2D6001055AF /* CustomSidebar.swift */ = {isa = PBXFileReference; lastKnownFileType = sourcecode.swift; path = CustomSidebar.swift; sourceTree = "<group>"; };
/* End PBXFileReference section */

/* Begin PBXFrameworksBuildPhase section */
		048AC35928F0D445003991A4 /* Frameworks */ = {
			isa = PBXFrameworksBuildPhase;
			buildActionMask = 2147483647;
			files = (
				048DD1DC28F488CD002D82C4 /* FloatingPanel in Frameworks */,
			);
			runOnlyForDeploymentPostprocessing = 0;
		};
/* End PBXFrameworksBuildPhase section */

/* Begin PBXGroup section */
		0433CAC628F3346600495BF8 /* Models */ = {
			isa = PBXGroup;
			children = (
				0433CAC428F3344A00495BF8 /* Model.swift */,
				0480300D2A8C375500861547 /* ProfileModel.swift */,
			);
			path = Models;
			sourceTree = "<group>";
		};
		0433CAC928F387DB00495BF8 /* Extensions */ = {
			isa = PBXGroup;
			children = (
				0433CAC728F387CC00495BF8 /* Extension+HomeViewController.swift */,
				042F317C28F4BEC5002455E9 /* Extension+Protocol.swift */,
				048030012A89BB2800861547 /* Extension+CustomSidebar.swift */,
				04802FFC2A89B68500861547 /* Extension+HomeScreenViewController.swift */,
			);
			path = Extensions;
			sourceTree = "<group>";
		};
		048030002A89BAB900861547 /* TableViewCells */ = {
			isa = PBXGroup;
			children = (
				04D355CE2A80F283001055AF /* ResultLocationCell.swift */,
				04802FFE2A89BAAE00861547 /* SidebarCell.swift */,
			);
			path = TableViewCells;
			sourceTree = "<group>";
		};
		048030122A8DA9BE00861547 /* SideBarScreens */ = {
			isa = PBXGroup;
			children = (
				048030132A8DA9E300861547 /* ProfileViewController.swift */,
				048030152A8DAA0400861547 /* FreeJourneyViewController.swift */,
				048030172A8DAA1C00861547 /* PaymentsViewController.swift */,
				048030192A8DAA2900861547 /* HistoryViewController.swift */,
				0480301B2A8DAA3C00861547 /* PromotionsViewController.swift */,
				0480301D2A8DAA4800861547 /* SupportViewController.swift */,
				0480301F2A8DAA5A00861547 /* AboutViewController.swift */,
				048030212A8DAA6800861547 /* WorkRidesViewController.swift */,
			);
			path = SideBarScreens;
			sourceTree = "<group>";
		};
		048AC35328F0D445003991A4 = {
			isa = PBXGroup;
			children = (
				048AC35E28F0D445003991A4 /* BoltApp */,
				048AC35D28F0D445003991A4 /* Products */,
			);
			sourceTree = "<group>";
		};
		048AC35D28F0D445003991A4 /* Products */ = {
			isa = PBXGroup;
			children = (
				048AC35C28F0D445003991A4 /* BoltApp.app */,
			);
			name = Products;
			sourceTree = "<group>";
		};
		048AC35E28F0D445003991A4 /* BoltApp */ = {
			isa = PBXGroup;
			children = (
				04D355DF2A8702B9001055AF /* ReusableViews */,
				0433CAC928F387DB00495BF8 /* Extensions */,
				0433CAC628F3346600495BF8 /* Models */,
				048AC38028F0D89F003991A4 /* Delegates */,
				048AC37E28F0D849003991A4 /* PlacesManager */,
				048AC37D28F0D7CB003991A4 /* Controllers */,
				048AC36828F0D446003991A4 /* Assets.xcassets */,
				048AC36A28F0D446003991A4 /* LaunchScreen.storyboard */,
				048AC36D28F0D446003991A4 /* Info.plist */,
			);
			path = BoltApp;
			sourceTree = "<group>";
		};
		048AC37D28F0D7CB003991A4 /* Controllers */ = {
			isa = PBXGroup;
			children = (
				048AC36328F0D445003991A4 /* ViewController.swift */,
				0433CACA28F38E5300495BF8 /* ResultLocationViewController.swift */,
				048AC37728F0D714003991A4 /* HomeScreenViewController.swift */,
				048030122A8DA9BE00861547 /* SideBarScreens */,
				04D355DB2A867B9A001055AF /* SigninViewController.swift */,
				04D355DD2A867BA7001055AF /* CreateAccountViewController.swift */,
				048030002A89BAB900861547 /* TableViewCells */,
			);
			path = Controllers;
			sourceTree = "<group>";
		};
		048AC37E28F0D849003991A4 /* PlacesManager */ = {
			isa = PBXGroup;
			children = (
				048AC37B28F0D78C003991A4 /* LocationManager.swift */,
			);
			path = PlacesManager;
			sourceTree = "<group>";
		};
		048AC38028F0D89F003991A4 /* Delegates */ = {
			isa = PBXGroup;
			children = (
				048AC35F28F0D445003991A4 /* AppDelegate.swift */,
				048AC36128F0D445003991A4 /* SceneDelegate.swift */,
			);
			path = Delegates;
			sourceTree = "<group>";
		};
		04D355DF2A8702B9001055AF /* ReusableViews */ = {
			isa = PBXGroup;
			children = (
				04D355E02A87031B001055AF /* TextField.swift */,
				04D355E62A88A2D6001055AF /* CustomSidebar.swift */,
				048030072A8A0BED00861547 /* DismissControl.swift */,
				0480300B2A8B0E9000861547 /* ProfileImageView.swift */,
				040705922A9423BD00AA9ABA /* CustomImageView.swift */,
				048030092A8B0E3700861547 /* Label.swift */,
				04D355E22A87D38B001055AF /* Button.swift */,
			);
			path = ReusableViews;
			sourceTree = "<group>";
		};
/* End PBXGroup section */

/* Begin PBXNativeTarget section */
		048AC35B28F0D445003991A4 /* BoltApp */ = {
			isa = PBXNativeTarget;
			buildConfigurationList = 048AC37028F0D446003991A4 /* Build configuration list for PBXNativeTarget "BoltApp" */;
			buildPhases = (
				048AC35828F0D445003991A4 /* Sources */,
				048AC35928F0D445003991A4 /* Frameworks */,
				048AC35A28F0D445003991A4 /* Resources */,
			);
			buildRules = (
			);
			dependencies = (
			);
			name = BoltApp;
			packageProductDependencies = (
				048DD1DB28F488CD002D82C4 /* FloatingPanel */,
			);
			productName = BoltApp;
			productReference = 048AC35C28F0D445003991A4 /* BoltApp.app */;
			productType = "com.apple.product-type.application";
		};
/* End PBXNativeTarget section */

/* Begin PBXProject section */
		048AC35428F0D445003991A4 /* Project object */ = {
			isa = PBXProject;
			attributes = {
				BuildIndependentTargetsInParallel = 1;
				LastSwiftUpdateCheck = 1400;
				LastUpgradeCheck = 1400;
				TargetAttributes = {
					048AC35B28F0D445003991A4 = {
						CreatedOnToolsVersion = 14.0;
					};
				};
			};
			buildConfigurationList = 048AC35728F0D445003991A4 /* Build configuration list for PBXProject "BoltApp" */;
			compatibilityVersion = "Xcode 14.0";
			developmentRegion = en;
			hasScannedForEncodings = 0;
			knownRegions = (
				en,
				Base,
			);
			mainGroup = 048AC35328F0D445003991A4;
			packageReferences = (
				048DD1DA28F488CD002D82C4 /* XCRemoteSwiftPackageReference "FloatingPanel" */,
			);
			productRefGroup = 048AC35D28F0D445003991A4 /* Products */;
			projectDirPath = "";
			projectRoot = "";
			targets = (
				048AC35B28F0D445003991A4 /* BoltApp */,
			);
		};
/* End PBXProject section */

/* Begin PBXResourcesBuildPhase section */
		048AC35A28F0D445003991A4 /* Resources */ = {
			isa = PBXResourcesBuildPhase;
			buildActionMask = 2147483647;
			files = (
				048AC36C28F0D446003991A4 /* LaunchScreen.storyboard in Resources */,
				048AC36928F0D446003991A4 /* Assets.xcassets in Resources */,
			);
			runOnlyForDeploymentPostprocessing = 0;
		};
/* End PBXResourcesBuildPhase section */

/* Begin PBXSourcesBuildPhase section */
		048AC35828F0D445003991A4 /* Sources */ = {
			isa = PBXSourcesBuildPhase;
			buildActionMask = 2147483647;
			files = (
				0433CACB28F38E5300495BF8 /* ResultLocationViewController.swift in Sources */,
				048AC37C28F0D78C003991A4 /* LocationManager.swift in Sources */,
				04D355DC2A867B9A001055AF /* SigninViewController.swift in Sources */,
				0480300E2A8C375500861547 /* ProfileModel.swift in Sources */,
				04802FFD2A89B68500861547 /* Extension+HomeScreenViewController.swift in Sources */,
				040705932A9423BD00AA9ABA /* CustomImageView.swift in Sources */,
				04D355E72A88A2D6001055AF /* CustomSidebar.swift in Sources */,
				0480301E2A8DAA4800861547 /* SupportViewController.swift in Sources */,
				04802FFF2A89BAAE00861547 /* SidebarCell.swift in Sources */,
				048AC36428F0D445003991A4 /* ViewController.swift in Sources */,
				048AC36028F0D445003991A4 /* AppDelegate.swift in Sources */,
				04D355E12A87031B001055AF /* TextField.swift in Sources */,
				0433CAC528F3344A00495BF8 /* Model.swift in Sources */,
				04D355E32A87D38B001055AF /* Button.swift in Sources */,
				0480301C2A8DAA3C00861547 /* PromotionsViewController.swift in Sources */,
				048030022A89BB2800861547 /* Extension+CustomSidebar.swift in Sources */,
				0480300C2A8B0E9000861547 /* ProfileImageView.swift in Sources */,
				04D355CF2A80F283001055AF /* ResultLocationCell.swift in Sources */,
				048030162A8DAA0400861547 /* FreeJourneyViewController.swift in Sources */,
				048030142A8DA9E300861547 /* ProfileViewController.swift in Sources */,
				0480301A2A8DAA2900861547 /* HistoryViewController.swift in Sources */,
				0433CAC828F387CC00495BF8 /* Extension+HomeViewController.swift in Sources */,
				04D355DE2A867BA7001055AF /* CreateAccountViewController.swift in Sources */,
				048030082A8A0BED00861547 /* DismissControl.swift in Sources */,
				048030182A8DAA1C00861547 /* PaymentsViewController.swift in Sources */,
				042F317D28F4BEC5002455E9 /* Extension+Protocol.swift in Sources */,
				048030222A8DAA6800861547 /* WorkRidesViewController.swift in Sources */,
				048AC36228F0D445003991A4 /* SceneDelegate.swift in Sources */,
				048030202A8DAA5A00861547 /* AboutViewController.swift in Sources */,
				0480300A2A8B0E3700861547 /* Label.swift in Sources */,
				048AC37828F0D714003991A4 /* HomeScreenViewController.swift in Sources */,
			);
			runOnlyForDeploymentPostprocessing = 0;
		};
/* End PBXSourcesBuildPhase section */

/* Begin PBXVariantGroup section */
		048AC36A28F0D446003991A4 /* LaunchScreen.storyboard */ = {
			isa = PBXVariantGroup;
			children = (
				048AC36B28F0D446003991A4 /* Base */,
			);
			name = LaunchScreen.storyboard;
			sourceTree = "<group>";
		};
/* End PBXVariantGroup section */

/* Begin XCBuildConfiguration section */
		048AC36E28F0D446003991A4 /* Debug */ = {
			isa = XCBuildConfiguration;
			buildSettings = {
				ALWAYS_SEARCH_USER_PATHS = NO;
				CLANG_ANALYZER_NONNULL = YES;
				CLANG_ANALYZER_NUMBER_OBJECT_CONVERSION = YES_AGGRESSIVE;
				CLANG_CXX_LANGUAGE_STANDARD = "gnu++20";
				CLANG_ENABLE_MODULES = YES;
				CLANG_ENABLE_OBJC_ARC = YES;
				CLANG_ENABLE_OBJC_WEAK = YES;
				CLANG_WARN_BLOCK_CAPTURE_AUTORELEASING = YES;
				CLANG_WARN_BOOL_CONVERSION = YES;
				CLANG_WARN_COMMA = YES;
				CLANG_WARN_CONSTANT_CONVERSION = YES;
				CLANG_WARN_DEPRECATED_OBJC_IMPLEMENTATIONS = YES;
				CLANG_WARN_DIRECT_OBJC_ISA_USAGE = YES_ERROR;
				CLANG_WARN_DOCUMENTATION_COMMENTS = YES;
				CLANG_WARN_EMPTY_BODY = YES;
				CLANG_WARN_ENUM_CONVERSION = YES;
				CLANG_WARN_INFINITE_RECURSION = YES;
				CLANG_WARN_INT_CONVERSION = YES;
				CLANG_WARN_NON_LITERAL_NULL_CONVERSION = YES;
				CLANG_WARN_OBJC_IMPLICIT_RETAIN_SELF = YES;
				CLANG_WARN_OBJC_LITERAL_CONVERSION = YES;
				CLANG_WARN_OBJC_ROOT_CLASS = YES_ERROR;
				CLANG_WARN_QUOTED_INCLUDE_IN_FRAMEWORK_HEADER = YES;
				CLANG_WARN_RANGE_LOOP_ANALYSIS = YES;
				CLANG_WARN_STRICT_PROTOTYPES = YES;
				CLANG_WARN_SUSPICIOUS_MOVE = YES;
				CLANG_WARN_UNGUARDED_AVAILABILITY = YES_AGGRESSIVE;
				CLANG_WARN_UNREACHABLE_CODE = YES;
				CLANG_WARN__DUPLICATE_METHOD_MATCH = YES;
				COPY_PHASE_STRIP = NO;
				DEBUG_INFORMATION_FORMAT = dwarf;
				ENABLE_STRICT_OBJC_MSGSEND = YES;
				ENABLE_TESTABILITY = YES;
				GCC_C_LANGUAGE_STANDARD = gnu11;
				GCC_DYNAMIC_NO_PIC = NO;
				GCC_NO_COMMON_BLOCKS = YES;
				GCC_OPTIMIZATION_LEVEL = 0;
				GCC_PREPROCESSOR_DEFINITIONS = (
					"DEBUG=1",
					"$(inherited)",
				);
				GCC_WARN_64_TO_32_BIT_CONVERSION = YES;
				GCC_WARN_ABOUT_RETURN_TYPE = YES_ERROR;
				GCC_WARN_UNDECLARED_SELECTOR = YES;
				GCC_WARN_UNINITIALIZED_AUTOS = YES_AGGRESSIVE;
				GCC_WARN_UNUSED_FUNCTION = YES;
				GCC_WARN_UNUSED_VARIABLE = YES;
				IPHONEOS_DEPLOYMENT_TARGET = 16.0;
				MTL_ENABLE_DEBUG_INFO = INCLUDE_SOURCE;
				MTL_FAST_MATH = YES;
				ONLY_ACTIVE_ARCH = YES;
				SDKROOT = iphoneos;
				SWIFT_ACTIVE_COMPILATION_CONDITIONS = DEBUG;
				SWIFT_OPTIMIZATION_LEVEL = "-Onone";
			};
			name = Debug;
		};
		048AC36F28F0D446003991A4 /* Release */ = {
			isa = XCBuildConfiguration;
			buildSettings = {
				ALWAYS_SEARCH_USER_PATHS = NO;
				CLANG_ANALYZER_NONNULL = YES;
				CLANG_ANALYZER_NUMBER_OBJECT_CONVERSION = YES_AGGRESSIVE;
				CLANG_CXX_LANGUAGE_STANDARD = "gnu++20";
				CLANG_ENABLE_MODULES = YES;
				CLANG_ENABLE_OBJC_ARC = YES;
				CLANG_ENABLE_OBJC_WEAK = YES;
				CLANG_WARN_BLOCK_CAPTURE_AUTORELEASING = YES;
				CLANG_WARN_BOOL_CONVERSION = YES;
				CLANG_WARN_COMMA = YES;
				CLANG_WARN_CONSTANT_CONVERSION = YES;
				CLANG_WARN_DEPRECATED_OBJC_IMPLEMENTATIONS = YES;
				CLANG_WARN_DIRECT_OBJC_ISA_USAGE = YES_ERROR;
				CLANG_WARN_DOCUMENTATION_COMMENTS = YES;
				CLANG_WARN_EMPTY_BODY = YES;
				CLANG_WARN_ENUM_CONVERSION = YES;
				CLANG_WARN_INFINITE_RECURSION = YES;
				CLANG_WARN_INT_CONVERSION = YES;
				CLANG_WARN_NON_LITERAL_NULL_CONVERSION = YES;
				CLANG_WARN_OBJC_IMPLICIT_RETAIN_SELF = YES;
				CLANG_WARN_OBJC_LITERAL_CONVERSION = YES;
				CLANG_WARN_OBJC_ROOT_CLASS = YES_ERROR;
				CLANG_WARN_QUOTED_INCLUDE_IN_FRAMEWORK_HEADER = YES;
				CLANG_WARN_RANGE_LOOP_ANALYSIS = YES;
				CLANG_WARN_STRICT_PROTOTYPES = YES;
				CLANG_WARN_SUSPICIOUS_MOVE = YES;
				CLANG_WARN_UNGUARDED_AVAILABILITY = YES_AGGRESSIVE;
				CLANG_WARN_UNREACHABLE_CODE = YES;
				CLANG_WARN__DUPLICATE_METHOD_MATCH = YES;
				COPY_PHASE_STRIP = NO;
				DEBUG_INFORMATION_FORMAT = "dwarf-with-dsym";
				ENABLE_NS_ASSERTIONS = NO;
				ENABLE_STRICT_OBJC_MSGSEND = YES;
				GCC_C_LANGUAGE_STANDARD = gnu11;
				GCC_NO_COMMON_BLOCKS = YES;
				GCC_WARN_64_TO_32_BIT_CONVERSION = YES;
				GCC_WARN_ABOUT_RETURN_TYPE = YES_ERROR;
				GCC_WARN_UNDECLARED_SELECTOR = YES;
				GCC_WARN_UNINITIALIZED_AUTOS = YES_AGGRESSIVE;
				GCC_WARN_UNUSED_FUNCTION = YES;
				GCC_WARN_UNUSED_VARIABLE = YES;
				IPHONEOS_DEPLOYMENT_TARGET = 16.0;
				MTL_ENABLE_DEBUG_INFO = NO;
				MTL_FAST_MATH = YES;
				SDKROOT = iphoneos;
				SWIFT_COMPILATION_MODE = wholemodule;
				SWIFT_OPTIMIZATION_LEVEL = "-O";
				VALIDATE_PRODUCT = YES;
			};
			name = Release;
		};
		048AC37128F0D446003991A4 /* Debug */ = {
			isa = XCBuildConfiguration;
			buildSettings = {
				ASSETCATALOG_COMPILER_APPICON_NAME = AppIcon;
				ASSETCATALOG_COMPILER_GLOBAL_ACCENT_COLOR_NAME = AccentColor;
				CODE_SIGN_STYLE = Automatic;
				CURRENT_PROJECT_VERSION = 1;
				GENERATE_INFOPLIST_FILE = YES;
				INFOPLIST_FILE = BoltApp/Info.plist;
				INFOPLIST_KEY_UIApplicationSupportsIndirectInputEvents = YES;
				INFOPLIST_KEY_UILaunchStoryboardName = LaunchScreen.storyboard;
				INFOPLIST_KEY_UISupportedInterfaceOrientations_iPad = "UIInterfaceOrientationPortrait UIInterfaceOrientationPortraitUpsideDown UIInterfaceOrientationLandscapeLeft UIInterfaceOrientationLandscapeRight";
				INFOPLIST_KEY_UISupportedInterfaceOrientations_iPhone = "UIInterfaceOrientationPortrait UIInterfaceOrientationLandscapeLeft UIInterfaceOrientationLandscapeRight";
				LD_RUNPATH_SEARCH_PATHS = (
					"$(inherited)",
					"@executable_path/Frameworks",
				);
				MARKETING_VERSION = 1.0;
				PRODUCT_BUNDLE_IDENTIFIER = com.chidiogo.BoltApp;
				PRODUCT_NAME = "$(TARGET_NAME)";
				SWIFT_EMIT_LOC_STRINGS = YES;
				SWIFT_VERSION = 5.0;
				TARGETED_DEVICE_FAMILY = "1,2";
			};
			name = Debug;
		};
		048AC37228F0D446003991A4 /* Release */ = {
			isa = XCBuildConfiguration;
			buildSettings = {
				ASSETCATALOG_COMPILER_APPICON_NAME = AppIcon;
				ASSETCATALOG_COMPILER_GLOBAL_ACCENT_COLOR_NAME = AccentColor;
				CODE_SIGN_STYLE = Automatic;
				CURRENT_PROJECT_VERSION = 1;
				GENERATE_INFOPLIST_FILE = YES;
				INFOPLIST_FILE = BoltApp/Info.plist;
				INFOPLIST_KEY_UIApplicationSupportsIndirectInputEvents = YES;
				INFOPLIST_KEY_UILaunchStoryboardName = LaunchScreen.storyboard;
				INFOPLIST_KEY_UISupportedInterfaceOrientations_iPad = "UIInterfaceOrientationPortrait UIInterfaceOrientationPortraitUpsideDown UIInterfaceOrientationLandscapeLeft UIInterfaceOrientationLandscapeRight";
				INFOPLIST_KEY_UISupportedInterfaceOrientations_iPhone = "UIInterfaceOrientationPortrait UIInterfaceOrientationLandscapeLeft UIInterfaceOrientationLandscapeRight";
				LD_RUNPATH_SEARCH_PATHS = (
					"$(inherited)",
					"@executable_path/Frameworks",
				);
				MARKETING_VERSION = 1.0;
				PRODUCT_BUNDLE_IDENTIFIER = com.chidiogo.BoltApp;
				PRODUCT_NAME = "$(TARGET_NAME)";
				SWIFT_EMIT_LOC_STRINGS = YES;
				SWIFT_VERSION = 5.0;
				TARGETED_DEVICE_FAMILY = "1,2";
			};
			name = Release;
		};
/* End XCBuildConfiguration section */

/* Begin XCConfigurationList section */
		048AC35728F0D445003991A4 /* Build configuration list for PBXProject "BoltApp" */ = {
			isa = XCConfigurationList;
			buildConfigurations = (
				048AC36E28F0D446003991A4 /* Debug */,
				048AC36F28F0D446003991A4 /* Release */,
			);
			defaultConfigurationIsVisible = 0;
			defaultConfigurationName = Release;
		};
		048AC37028F0D446003991A4 /* Build configuration list for PBXNativeTarget "BoltApp" */ = {
			isa = XCConfigurationList;
			buildConfigurations = (
				048AC37128F0D446003991A4 /* Debug */,
				048AC37228F0D446003991A4 /* Release */,
			);
			defaultConfigurationIsVisible = 0;
			defaultConfigurationName = Release;
		};
/* End XCConfigurationList section */

/* Begin XCRemoteSwiftPackageReference section */
		048DD1DA28F488CD002D82C4 /* XCRemoteSwiftPackageReference "FloatingPanel" */ = {
			isa = XCRemoteSwiftPackageReference;
			repositoryURL = "https://github.com/SCENEE/FloatingPanel";
			requirement = {
				kind = upToNextMajorVersion;
				minimumVersion = 2.0.0;
			};
		};
/* End XCRemoteSwiftPackageReference section */

/* Begin XCSwiftPackageProductDependency section */
		048DD1DB28F488CD002D82C4 /* FloatingPanel */ = {
			isa = XCSwiftPackageProductDependency;
			package = 048DD1DA28F488CD002D82C4 /* XCRemoteSwiftPackageReference "FloatingPanel" */;
			productName = FloatingPanel;
		};
/* End XCSwiftPackageProductDependency section */
	};
	rootObject = 048AC35428F0D445003991A4 /* Project object */;
}
