// !$*UTF8*$!
{
	archiveVersion = 1;
	classes = {
	};
	objectVersion = 56;
	objects = {

/* Begin PBXBuildFile section */
		042F317D28F4BEC5002455E9 /* Extension+Protocol.swift in Sources */ = {isa = PBXBuildFile; fileRef = 042F317C28F4BEC5002455E9 /* Extension+Protocol.swift */; };
		042F317F28F4C388002455E9 /* Cell.swift in Sources */ = {isa = PBXBuildFile; fileRef = 042F317E28F4C388002455E9 /* Cell.swift */; };
		0433CAC528F3344A00495BF8 /* Model.swift in Sources */ = {isa = PBXBuildFile; fileRef = 0433CAC428F3344A00495BF8 /* Model.swift */; };
		0433CAC828F387CC00495BF8 /* Extension+HomeViewController.swift in Sources */ = {isa = PBXBuildFile; fileRef = 0433CAC728F387CC00495BF8 /* Extension+HomeViewController.swift */; };
		0433CACB28F38E5300495BF8 /* ResultLocationViewController.swift in Sources */ = {isa = PBXBuildFile; fileRef = 0433CACA28F38E5300495BF8 /* ResultLocationViewController.swift */; };
		048AC36028F0D445003991A4 /* AppDelegate.swift in Sources */ = {isa = PBXBuildFile; fileRef = 048AC35F28F0D445003991A4 /* AppDelegate.swift */; };
		048AC36228F0D445003991A4 /* SceneDelegate.swift in Sources */ = {isa = PBXBuildFile; fileRef = 048AC36128F0D445003991A4 /* SceneDelegate.swift */; };
		048AC36428F0D445003991A4 /* ViewController.swift in Sources */ = {isa = PBXBuildFile; fileRef = 048AC36328F0D445003991A4 /* ViewController.swift */; };
		048AC36928F0D446003991A4 /* Assets.xcassets in Resources */ = {isa = PBXBuildFile; fileRef = 048AC36828F0D446003991A4 /* Assets.xcassets */; };
		048AC36C28F0D446003991A4 /* LaunchScreen.storyboard in Resources */ = {isa = PBXBuildFile; fileRef = 048AC36A28F0D446003991A4 /* LaunchScreen.storyboard */; };
		048AC37428F0D5F4003991A4 /* SignUpViewController.swift in Sources */ = {isa = PBXBuildFile; fileRef = 048AC37328F0D5F4003991A4 /* SignUpViewController.swift */; };
		048AC37628F0D6D2003991A4 /* VerifyCodeViewController.swift in Sources */ = {isa = PBXBuildFile; fileRef = 048AC37528F0D6D2003991A4 /* VerifyCodeViewController.swift */; };
		048AC37828F0D714003991A4 /* HomeScreenViewController.swift in Sources */ = {isa = PBXBuildFile; fileRef = 048AC37728F0D714003991A4 /* HomeScreenViewController.swift */; };
		048AC37A28F0D75E003991A4 /* CustomTextField.swift in Sources */ = {isa = PBXBuildFile; fileRef = 048AC37928F0D75E003991A4 /* CustomTextField.swift */; };
		048AC37C28F0D78C003991A4 /* LocationManager.swift in Sources */ = {isa = PBXBuildFile; fileRef = 048AC37B28F0D78C003991A4 /* LocationManager.swift */; };
		048DD1DC28F488CD002D82C4 /* FloatingPanel in Frameworks */ = {isa = PBXBuildFile; productRef = 048DD1DB28F488CD002D82C4 /* FloatingPanel */; };
/* End PBXBuildFile section */

/* Begin PBXFileReference section */
		042F317C28F4BEC5002455E9 /* Extension+Protocol.swift */ = {isa = PBXFileReference; lastKnownFileType = sourcecode.swift; path = "Extension+Protocol.swift"; sourceTree = "<group>"; };
		042F317E28F4C388002455E9 /* Cell.swift */ = {isa = PBXFileReference; lastKnownFileType = sourcecode.swift; path = Cell.swift; sourceTree = "<group>"; };
		0433CAC428F3344A00495BF8 /* Model.swift */ = {isa = PBXFileReference; lastKnownFileType = sourcecode.swift; path = Model.swift; sourceTree = "<group>"; };
		0433CAC728F387CC00495BF8 /* Extension+HomeViewController.swift */ = {isa = PBXFileReference; lastKnownFileType = sourcecode.swift; path = "Extension+HomeViewController.swift"; sourceTree = "<group>"; };
		0433CACA28F38E5300495BF8 /* ResultLocationViewController.swift */ = {isa = PBXFileReference; lastKnownFileType = sourcecode.swift; path = ResultLocationViewController.swift; sourceTree = "<group>"; };
		048AC35C28F0D445003991A4 /* BoltApp.app */ = {isa = PBXFileReference; explicitFileType = wrapper.application; includeInIndex = 0; path = BoltApp.app; sourceTree = BUILT_PRODUCTS_DIR; };
		048AC35F28F0D445003991A4 /* AppDelegate.swift */ = {isa = PBXFileReference; lastKnownFileType = sourcecode.swift; path = AppDelegate.swift; sourceTree = "<group>"; };
		048AC36128F0D445003991A4 /* SceneDelegate.swift */ = {isa = PBXFileReference; lastKnownFileType = sourcecode.swift; path = SceneDelegate.swift; sourceTree = "<group>"; };
		048AC36328F0D445003991A4 /* ViewController.swift */ = {isa = PBXFileReference; lastKnownFileType = sourcecode.swift; path = ViewController.swift; sourceTree = "<group>"; };
		048AC36828F0D446003991A4 /* Assets.xcassets */ = {isa = PBXFileReference; lastKnownFileType = folder.assetcatalog; path = Assets.xcassets; sourceTree = "<group>"; };
		048AC36B28F0D446003991A4 /* Base */ = {isa = PBXFileReference; lastKnownFileType = file.storyboard; name = Base; path = Base.lproj/LaunchScreen.storyboard; sourceTree = "<group>"; };
		048AC36D28F0D446003991A4 /* Info.plist */ = {isa = PBXFileReference; lastKnownFileType = text.plist.xml; path = Info.plist; sourceTree = "<group>"; };
		048AC37328F0D5F4003991A4 /* SignUpViewController.swift */ = {isa = PBXFileReference; lastKnownFileType = sourcecode.swift; path = SignUpViewController.swift; sourceTree = "<group>"; };
		048AC37528F0D6D2003991A4 /* VerifyCodeViewController.swift */ = {isa = PBXFileReference; lastKnownFileType = sourcecode.swift; path = VerifyCodeViewController.swift; sourceTree = "<group>"; };
		048AC37728F0D714003991A4 /* HomeScreenViewController.swift */ = {isa = PBXFileReference; lastKnownFileType = sourcecode.swift; path = HomeScreenViewController.swift; sourceTree = "<group>"; };
		048AC37928F0D75E003991A4 /* CustomTextField.swift */ = {isa = PBXFileReference; lastKnownFileType = sourcecode.swift; path = CustomTextField.swift; sourceTree = "<group>"; };
		048AC37B28F0D78C003991A4 /* LocationManager.swift */ = {isa = PBXFileReference; lastKnownFileType = sourcecode.swift; path = LocationManager.swift; sourceTree = "<group>"; };
/* End PBXFileReference section */

/* Begin PBXFrameworksBuildPhase section */
		048AC35928F0D445003991A4 /* Frameworks */ = {
			isa = PBXFrameworksBuildPhase;
			buildActionMask = 2147483647;
			files = (
				048DD1DC28F488CD002D82C4 /* FloatingPanel in Frameworks */,
			);
			runOnlyForDeploymentPostprocessing = 0;
		};
/* End PBXFrameworksBuildPhase section */

/* Begin PBXGroup section */
		042F318028F4C390002455E9 /* Cell */ = {
			isa = PBXGroup;
			children = (
				042F317E28F4C388002455E9 /* Cell.swift */,
			);
			path = Cell;
			sourceTree = "<group>";
		};
		0433CAC628F3346600495BF8 /* Models */ = {
			isa = PBXGroup;
			children = (
				0433CAC428F3344A00495BF8 /* Model.swift */,
			);
			path = Models;
			sourceTree = "<group>";
		};
		0433CAC928F387DB00495BF8 /* Extensions */ = {
			isa = PBXGroup;
			children = (
				0433CAC728F387CC00495BF8 /* Extension+HomeViewController.swift */,
				042F317C28F4BEC5002455E9 /* Extension+Protocol.swift */,
			);
			path = Extensions;
			sourceTree = "<group>";
		};
		048AC35328F0D445003991A4 = {
			isa = PBXGroup;
			children = (
				048AC35E28F0D445003991A4 /* BoltApp */,
				048AC35D28F0D445003991A4 /* Products */,
			);
			sourceTree = "<group>";
		};
		048AC35D28F0D445003991A4 /* Products */ = {
			isa = PBXGroup;
			children = (
				048AC35C28F0D445003991A4 /* BoltApp.app */,
			);
			name = Products;
			sourceTree = "<group>";
		};
		048AC35E28F0D445003991A4 /* BoltApp */ = {
			isa = PBXGroup;
			children = (
				0433CAC928F387DB00495BF8 /* Extensions */,
				0433CAC628F3346600495BF8 /* Models */,
				048AC38028F0D89F003991A4 /* Delegates */,
				048AC37E28F0D849003991A4 /* PlacesManager */,
				048AC37D28F0D7CB003991A4 /* Controllers */,
				042F318028F4C390002455E9 /* Cell */,
				048AC37F28F0D87E003991A4 /* ReusableViews */,
				048AC36828F0D446003991A4 /* Assets.xcassets */,
				048AC36A28F0D446003991A4 /* LaunchScreen.storyboard */,
				048AC36D28F0D446003991A4 /* Info.plist */,
			);
			path = BoltApp;
			sourceTree = "<group>";
		};
		048AC37D28F0D7CB003991A4 /* Controllers */ = {
			isa = PBXGroup;
			children = (
				048AC36328F0D445003991A4 /* ViewController.swift */,
				048AC37328F0D5F4003991A4 /* SignUpViewController.swift */,
				0433CACA28F38E5300495BF8 /* ResultLocationViewController.swift */,
				048AC37728F0D714003991A4 /* HomeScreenViewController.swift */,
				048AC37528F0D6D2003991A4 /* VerifyCodeViewController.swift */,
			);
			path = Controllers;
			sourceTree = "<group>";
		};
		048AC37E28F0D849003991A4 /* PlacesManager */ = {
			isa = PBXGroup;
			children = (
				048AC37B28F0D78C003991A4 /* LocationManager.swift */,
			);
			path = PlacesManager;
			sourceTree = "<group>";
		};
		048AC37F28F0D87E003991A4 /* ReusableViews */ = {
			isa = PBXGroup;
			children = (
				048AC37928F0D75E003991A4 /* CustomTextField.swift */,
			);
			path = ReusableViews;
			sourceTree = "<group>";
		};
		048AC38028F0D89F003991A4 /* Delegates */ = {
			isa = PBXGroup;
			children = (
				048AC35F28F0D445003991A4 /* AppDelegate.swift */,
				048AC36128F0D445003991A4 /* SceneDelegate.swift */,
			);
			path = Delegates;
			sourceTree = "<group>";
		};
/* End PBXGroup section */

/* Begin PBXNativeTarget section */
		048AC35B28F0D445003991A4 /* BoltApp */ = {
			isa = PBXNativeTarget;
			buildConfigurationList = 048AC37028F0D446003991A4 /* Build configuration list for PBXNativeTarget "BoltApp" */;
			buildPhases = (
				048AC35828F0D445003991A4 /* Sources */,
				048AC35928F0D445003991A4 /* Frameworks */,
				048AC35A28F0D445003991A4 /* Resources */,
			);
			buildRules = (
			);
			dependencies = (
			);
			name = BoltApp;
			packageProductDependencies = (
				048DD1DB28F488CD002D82C4 /* FloatingPanel */,
			);
			productName = BoltApp;
			productReference = 048AC35C28F0D445003991A4 /* BoltApp.app */;
			productType = "com.apple.product-type.application";
		};
/* End PBXNativeTarget section */

/* Begin PBXProject section */
		048AC35428F0D445003991A4 /* Project object */ = {
			isa = PBXProject;
			attributes = {
				BuildIndependentTargetsInParallel = 1;
				LastSwiftUpdateCheck = 1400;
				LastUpgradeCheck = 1400;
				TargetAttributes = {
					048AC35B28F0D445003991A4 = {
						CreatedOnToolsVersion = 14.0;
					};
				};
			};
			buildConfigurationList = 048AC35728F0D445003991A4 /* Build configuration list for PBXProject "BoltApp" */;
			compatibilityVersion = "Xcode 14.0";
			developmentRegion = en;
			hasScannedForEncodings = 0;
			knownRegions = (
				en,
				Base,
			);
			mainGroup = 048AC35328F0D445003991A4;
			packageReferences = (
				048DD1DA28F488CD002D82C4 /* XCRemoteSwiftPackageReference "FloatingPanel" */,
			);
			productRefGroup = 048AC35D28F0D445003991A4 /* Products */;
			projectDirPath = "";
			projectRoot = "";
			targets = (
				048AC35B28F0D445003991A4 /* BoltApp */,
			);
		};
/* End PBXProject section */

/* Begin PBXResourcesBuildPhase section */
		048AC35A28F0D445003991A4 /* Resources */ = {
			isa = PBXResourcesBuildPhase;
			buildActionMask = 2147483647;
			files = (
				048AC36C28F0D446003991A4 /* LaunchScreen.storyboard in Resources */,
				048AC36928F0D446003991A4 /* Assets.xcassets in Resources */,
			);
			runOnlyForDeploymentPostprocessing = 0;
		};
/* End PBXResourcesBuildPhase section */

/* Begin PBXSourcesBuildPhase section */
		048AC35828F0D445003991A4 /* Sources */ = {
			isa = PBXSourcesBuildPhase;
			buildActionMask = 2147483647;
			files = (
				0433CACB28F38E5300495BF8 /* ResultLocationViewController.swift in Sources */,
				048AC37A28F0D75E003991A4 /* CustomTextField.swift in Sources */,
				048AC37C28F0D78C003991A4 /* LocationManager.swift in Sources */,
				048AC36428F0D445003991A4 /* ViewController.swift in Sources */,
				048AC37628F0D6D2003991A4 /* VerifyCodeViewController.swift in Sources */,
				042F317F28F4C388002455E9 /* Cell.swift in Sources */,
				048AC36028F0D445003991A4 /* AppDelegate.swift in Sources */,
				0433CAC528F3344A00495BF8 /* Model.swift in Sources */,
				048AC37428F0D5F4003991A4 /* SignUpViewController.swift in Sources */,
				0433CAC828F387CC00495BF8 /* Extension+HomeViewController.swift in Sources */,
				042F317D28F4BEC5002455E9 /* Extension+Protocol.swift in Sources */,
				048AC36228F0D445003991A4 /* SceneDelegate.swift in Sources */,
				048AC37828F0D714003991A4 /* HomeScreenViewController.swift in Sources */,
			);
			runOnlyForDeploymentPostprocessing = 0;
		};
/* End PBXSourcesBuildPhase section */

/* Begin PBXVariantGroup section */
		048AC36A28F0D446003991A4 /* LaunchScreen.storyboard */ = {
			isa = PBXVariantGroup;
			children = (
				048AC36B28F0D446003991A4 /* Base */,
			);
			name = LaunchScreen.storyboard;
			sourceTree = "<group>";
		};
/* End PBXVariantGroup section */

/* Begin XCBuildConfiguration section */
		048AC36E28F0D446003991A4 /* Debug */ = {
			isa = XCBuildConfiguration;
			buildSettings = {
				ALWAYS_SEARCH_USER_PATHS = NO;
				CLANG_ANALYZER_NONNULL = YES;
				CLANG_ANALYZER_NUMBER_OBJECT_CONVERSION = YES_AGGRESSIVE;
				CLANG_CXX_LANGUAGE_STANDARD = "gnu++20";
				CLANG_ENABLE_MODULES = YES;
				CLANG_ENABLE_OBJC_ARC = YES;
				CLANG_ENABLE_OBJC_WEAK = YES;
				CLANG_WARN_BLOCK_CAPTURE_AUTORELEASING = YES;
				CLANG_WARN_BOOL_CONVERSION = YES;
				CLANG_WARN_COMMA = YES;
				CLANG_WARN_CONSTANT_CONVERSION = YES;
				CLANG_WARN_DEPRECATED_OBJC_IMPLEMENTATIONS = YES;
				CLANG_WARN_DIRECT_OBJC_ISA_USAGE = YES_ERROR;
				CLANG_WARN_DOCUMENTATION_COMMENTS = YES;
				CLANG_WARN_EMPTY_BODY = YES;
				CLANG_WARN_ENUM_CONVERSION = YES;
				CLANG_WARN_INFINITE_RECURSION = YES;
				CLANG_WARN_INT_CONVERSION = YES;
				CLANG_WARN_NON_LITERAL_NULL_CONVERSION = YES;
				CLANG_WARN_OBJC_IMPLICIT_RETAIN_SELF = YES;
				CLANG_WARN_OBJC_LITERAL_CONVERSION = YES;
				CLANG_WARN_OBJC_ROOT_CLASS = YES_ERROR;
				CLANG_WARN_QUOTED_INCLUDE_IN_FRAMEWORK_HEADER = YES;
				CLANG_WARN_RANGE_LOOP_ANALYSIS = YES;
				CLANG_WARN_STRICT_PROTOTYPES = YES;
				CLANG_WARN_SUSPICIOUS_MOVE = YES;
				CLANG_WARN_UNGUARDED_AVAILABILITY = YES_AGGRESSIVE;
				CLANG_WARN_UNREACHABLE_CODE = YES;
				CLANG_WARN__DUPLICATE_METHOD_MATCH = YES;
				COPY_PHASE_STRIP = NO;
				DEBUG_INFORMATION_FORMAT = dwarf;
				ENABLE_STRICT_OBJC_MSGSEND = YES;
				ENABLE_TESTABILITY = YES;
				GCC_C_LANGUAGE_STANDARD = gnu11;
				GCC_DYNAMIC_NO_PIC = NO;
				GCC_NO_COMMON_BLOCKS = YES;
				GCC_OPTIMIZATION_LEVEL = 0;
				GCC_PREPROCESSOR_DEFINITIONS = (
					"DEBUG=1",
					"$(inherited)",
				);
				GCC_WARN_64_TO_32_BIT_CONVERSION = YES;
				GCC_WARN_ABOUT_RETURN_TYPE = YES_ERROR;
				GCC_WARN_UNDECLARED_SELECTOR = YES;
				GCC_WARN_UNINITIALIZED_AUTOS = YES_AGGRESSIVE;
				GCC_WARN_UNUSED_FUNCTION = YES;
				GCC_WARN_UNUSED_VARIABLE = YES;
				IPHONEOS_DEPLOYMENT_TARGET = 16.0;
				MTL_ENABLE_DEBUG_INFO = INCLUDE_SOURCE;
				MTL_FAST_MATH = YES;
				ONLY_ACTIVE_ARCH = YES;
				SDKROOT = iphoneos;
				SWIFT_ACTIVE_COMPILATION_CONDITIONS = DEBUG;
				SWIFT_OPTIMIZATION_LEVEL = "-Onone";
			};
			name = Debug;
		};
		048AC36F28F0D446003991A4 /* Release */ = {
			isa = XCBuildConfiguration;
			buildSettings = {
				ALWAYS_SEARCH_USER_PATHS = NO;
				CLANG_ANALYZER_NONNULL = YES;
				CLANG_ANALYZER_NUMBER_OBJECT_CONVERSION = YES_AGGRESSIVE;
				CLANG_CXX_LANGUAGE_STANDARD = "gnu++20";
				CLANG_ENABLE_MODULES = YES;
				CLANG_ENABLE_OBJC_ARC = YES;
				CLANG_ENABLE_OBJC_WEAK = YES;
				CLANG_WARN_BLOCK_CAPTURE_AUTORELEASING = YES;
				CLANG_WARN_BOOL_CONVERSION = YES;
				CLANG_WARN_COMMA = YES;
				CLANG_WARN_CONSTANT_CONVERSION = YES;
				CLANG_WARN_DEPRECATED_OBJC_IMPLEMENTATIONS = YES;
				CLANG_WARN_DIRECT_OBJC_ISA_USAGE = YES_ERROR;
				CLANG_WARN_DOCUMENTATION_COMMENTS = YES;
				CLANG_WARN_EMPTY_BODY = YES;
				CLANG_WARN_ENUM_CONVERSION = YES;
				CLANG_WARN_INFINITE_RECURSION = YES;
				CLANG_WARN_INT_CONVERSION = YES;
				CLANG_WARN_NON_LITERAL_NULL_CONVERSION = YES;
				CLANG_WARN_OBJC_IMPLICIT_RETAIN_SELF = YES;
				CLANG_WARN_OBJC_LITERAL_CONVERSION = YES;
				CLANG_WARN_OBJC_ROOT_CLASS = YES_ERROR;
				CLANG_WARN_QUOTED_INCLUDE_IN_FRAMEWORK_HEADER = YES;
				CLANG_WARN_RANGE_LOOP_ANALYSIS = YES;
				CLANG_WARN_STRICT_PROTOTYPES = YES;
				CLANG_WARN_SUSPICIOUS_MOVE = YES;
				CLANG_WARN_UNGUARDED_AVAILABILITY = YES_AGGRESSIVE;
				CLANG_WARN_UNREACHABLE_CODE = YES;
				CLANG_WARN__DUPLICATE_METHOD_MATCH = YES;
				COPY_PHASE_STRIP = NO;
				DEBUG_INFORMATION_FORMAT = "dwarf-with-dsym";
				ENABLE_NS_ASSERTIONS = NO;
				ENABLE_STRICT_OBJC_MSGSEND = YES;
				GCC_C_LANGUAGE_STANDARD = gnu11;
				GCC_NO_COMMON_BLOCKS = YES;
				GCC_WARN_64_TO_32_BIT_CONVERSION = YES;
				GCC_WARN_ABOUT_RETURN_TYPE = YES_ERROR;
				GCC_WARN_UNDECLARED_SELECTOR = YES;
				GCC_WARN_UNINITIALIZED_AUTOS = YES_AGGRESSIVE;
				GCC_WARN_UNUSED_FUNCTION = YES;
				GCC_WARN_UNUSED_VARIABLE = YES;
				IPHONEOS_DEPLOYMENT_TARGET = 16.0;
				MTL_ENABLE_DEBUG_INFO = NO;
				MTL_FAST_MATH = YES;
				SDKROOT = iphoneos;
				SWIFT_COMPILATION_MODE = wholemodule;
				SWIFT_OPTIMIZATION_LEVEL = "-O";
				VALIDATE_PRODUCT = YES;
			};
			name = Release;
		};
		048AC37128F0D446003991A4 /* Debug */ = {
			isa = XCBuildConfiguration;
			buildSettings = {
				ASSETCATALOG_COMPILER_APPICON_NAME = AppIcon;
				ASSETCATALOG_COMPILER_GLOBAL_ACCENT_COLOR_NAME = AccentColor;
				CODE_SIGN_STYLE = Automatic;
				CURRENT_PROJECT_VERSION = 1;
				GENERATE_INFOPLIST_FILE = YES;
				INFOPLIST_FILE = BoltApp/Info.plist;
				INFOPLIST_KEY_UIApplicationSupportsIndirectInputEvents = YES;
				INFOPLIST_KEY_UILaunchStoryboardName = LaunchScreen.storyboard;
				INFOPLIST_KEY_UISupportedInterfaceOrientations_iPad = "UIInterfaceOrientationPortrait UIInterfaceOrientationPortraitUpsideDown UIInterfaceOrientationLandscapeLeft UIInterfaceOrientationLandscapeRight";
				INFOPLIST_KEY_UISupportedInterfaceOrientations_iPhone = "UIInterfaceOrientationPortrait UIInterfaceOrientationLandscapeLeft UIInterfaceOrientationLandscapeRight";
				LD_RUNPATH_SEARCH_PATHS = (
					"$(inherited)",
					"@executable_path/Frameworks",
				);
				MARKETING_VERSION = 1.0;
				PRODUCT_BUNDLE_IDENTIFIER = com.chidiogo.BoltApp;
				PRODUCT_NAME = "$(TARGET_NAME)";
				SWIFT_EMIT_LOC_STRINGS = YES;
				SWIFT_VERSION = 5.0;
				TARGETED_DEVICE_FAMILY = "1,2";
			};
			name = Debug;
		};
		048AC37228F0D446003991A4 /* Release */ = {
			isa = XCBuildConfiguration;
			buildSettings = {
				ASSETCATALOG_COMPILER_APPICON_NAME = AppIcon;
				ASSETCATALOG_COMPILER_GLOBAL_ACCENT_COLOR_NAME = AccentColor;
				CODE_SIGN_STYLE = Automatic;
				CURRENT_PROJECT_VERSION = 1;
				GENERATE_INFOPLIST_FILE = YES;
				INFOPLIST_FILE = BoltApp/Info.plist;
				INFOPLIST_KEY_UIApplicationSupportsIndirectInputEvents = YES;
				INFOPLIST_KEY_UILaunchStoryboardName = LaunchScreen.storyboard;
				INFOPLIST_KEY_UISupportedInterfaceOrientations_iPad = "UIInterfaceOrientationPortrait UIInterfaceOrientationPortraitUpsideDown UIInterfaceOrientationLandscapeLeft UIInterfaceOrientationLandscapeRight";
				INFOPLIST_KEY_UISupportedInterfaceOrientations_iPhone = "UIInterfaceOrientationPortrait UIInterfaceOrientationLandscapeLeft UIInterfaceOrientationLandscapeRight";
				LD_RUNPATH_SEARCH_PATHS = (
					"$(inherited)",
					"@executable_path/Frameworks",
				);
				MARKETING_VERSION = 1.0;
				PRODUCT_BUNDLE_IDENTIFIER = com.chidiogo.BoltApp;
				PRODUCT_NAME = "$(TARGET_NAME)";
				SWIFT_EMIT_LOC_STRINGS = YES;
				SWIFT_VERSION = 5.0;
				TARGETED_DEVICE_FAMILY = "1,2";
			};
			name = Release;
		};
/* End XCBuildConfiguration section */

/* Begin XCConfigurationList section */
		048AC35728F0D445003991A4 /* Build configuration list for PBXProject "BoltApp" */ = {
			isa = XCConfigurationList;
			buildConfigurations = (
				048AC36E28F0D446003991A4 /* Debug */,
				048AC36F28F0D446003991A4 /* Release */,
			);
			defaultConfigurationIsVisible = 0;
			defaultConfigurationName = Release;
		};
		048AC37028F0D446003991A4 /* Build configuration list for PBXNativeTarget "BoltApp" */ = {
			isa = XCConfigurationList;
			buildConfigurations = (
				048AC37128F0D446003991A4 /* Debug */,
				048AC37228F0D446003991A4 /* Release */,
			);
			defaultConfigurationIsVisible = 0;
			defaultConfigurationName = Release;
		};
/* End XCConfigurationList section */

/* Begin XCRemoteSwiftPackageReference section */
		048DD1DA28F488CD002D82C4 /* XCRemoteSwiftPackageReference "FloatingPanel" */ = {
			isa = XCRemoteSwiftPackageReference;
			repositoryURL = "https://github.com/SCENEE/FloatingPanel";
			requirement = {
				kind = upToNextMajorVersion;
				minimumVersion = 2.0.0;
			};
		};
/* End XCRemoteSwiftPackageReference section */

/* Begin XCSwiftPackageProductDependency section */
		048DD1DB28F488CD002D82C4 /* FloatingPanel */ = {
			isa = XCSwiftPackageProductDependency;
			package = 048DD1DA28F488CD002D82C4 /* XCRemoteSwiftPackageReference "FloatingPanel" */;
			productName = FloatingPanel;
		};
/* End XCSwiftPackageProductDependency section */
	};
	rootObject = 048AC35428F0D445003991A4 /* Project object */;
}
