{
  "pins" : [
    {
      "identity" : "floatingpanel",
      "kind" : "remoteSourceControl",
      "location" : "https://github.com/SCENEE/FloatingPanel",
      "state" : {
        "revision" : "b34f1093defc43027a99834c2135a4381f5c7592",
        "version" : "2.6.5"
      }
    }
  ],
  "version" : 2
}
